
Microsoft Visual Studio Solution File, Format Version 12.00
# Visual Studio Version 17
VisualStudioVersion = 17.6.33829.357
MinimumVisualStudioVersion = 10.0.40219.1
Project("{FAE04EC0-301F-11D3-BF4B-00C04F79EFBC}") = "WebSite", "WebSite\WebSite.csproj", "{236C356D-0C6C-4D43-8FDD-BED918F3D1BD}"
EndProject
Global
	GlobalSection(SolutionConfigurationPlatforms) = preSolution
		Debug|Any CPU = Debug|Any CPU
		Release|Any CPU = Release|Any CPU
	EndGlobalSection
	GlobalSection(ProjectConfigurationPlatforms) = postSolution
		{236C356D-0C6C-4D43-8FDD-BED918F3D1BD}.Debug|Any CPU.ActiveCfg = Debug|Any CPU
		{236C356D-0C6C-4D43-8FDD-BED918F3D1BD}.Debug|Any CPU.Build.0 = Debug|Any CPU
		{236C356D-0C6C-4D43-8FDD-BED918F3D1BD}.Release|Any CPU.ActiveCfg = Release|Any CPU
		{236C356D-0C6C-4D43-8FDD-BED918F3D1BD}.Release|Any CPU.Build.0 = Release|Any CPU
	EndGlobalSection
	GlobalSection(SolutionProperties) = preSolution
		HideSolutionNode = FALSE
	EndGlobalSection
	GlobalSection(ExtensibilityGlobals) = postSolution
		SolutionGuid = {2C818295-81F4-48BD-9829-E52549A8414E}
	EndGlobalSection
EndGlobal
